// !$*UTF8*$!
{
	archiveVersion = 1;
	classes = {
	};
	objectVersion = 50;
	objects = {

/* Begin PBXBuildFile section */
		95B213C820BD554300894095 /* AddChatPresenter.swift in Sources */ = {isa = PBXBuildFile; fileRef = 95B213C720BD554300894095 /* AddChatPresenter.swift */; };
		95B213CA20BD555600894095 /* AddChatInteractor.swift in Sources */ = {isa = PBXBuildFile; fileRef = 95B213C920BD555600894095 /* AddChatInteractor.swift */; };
		95B213CC20BD556700894095 /* AddChatRouter.swift in Sources */ = {isa = PBXBuildFile; fileRef = 95B213CB20BD556700894095 /* AddChatRouter.swift */; };
		95B213CE20BD557700894095 /* AddChatConfigurer.swift in Sources */ = {isa = PBXBuildFile; fileRef = 95B213CD20BD557700894095 /* AddChatConfigurer.swift */; };
		95B213D420BE87D500894095 /* AddChatViewController.swift in Sources */ = {isa = PBXBuildFile; fileRef = 95B213D320BE87D500894095 /* AddChatViewController.swift */; };
		95B213D620BE89AF00894095 /* ContactCell.swift in Sources */ = {isa = PBXBuildFile; fileRef = 95B213D520BE89AF00894095 /* ContactCell.swift */; };
		95B213D920BEE1B600894095 /* TabBarController.swift in Sources */ = {isa = PBXBuildFile; fileRef = 95B213D820BEE1B600894095 /* TabBarController.swift */; };
		95B213DD20BEE79000894095 /* SettingsViewController.swift in Sources */ = {isa = PBXBuildFile; fileRef = 95B213DC20BEE79000894095 /* SettingsViewController.swift */; };
		95B213DF20BEE7B500894095 /* SettingsPresenter.swift in Sources */ = {isa = PBXBuildFile; fileRef = 95B213DE20BEE7B500894095 /* SettingsPresenter.swift */; };
		95B213E120BEE7C600894095 /* SettingsInteractor.swift in Sources */ = {isa = PBXBuildFile; fileRef = 95B213E020BEE7C600894095 /* SettingsInteractor.swift */; };
		95B213E320BEE7D800894095 /* SettingsRouter.swift in Sources */ = {isa = PBXBuildFile; fileRef = 95B213E220BEE7D800894095 /* SettingsRouter.swift */; };
		95B213E520BEE7E500894095 /* SettingsConfigurer.swift in Sources */ = {isa = PBXBuildFile; fileRef = 95B213E420BEE7E500894095 /* SettingsConfigurer.swift */; };
		95B213E920BF254000894095 /* CustomCellProtocol.swift in Sources */ = {isa = PBXBuildFile; fileRef = 95B213E820BF254000894095 /* CustomCellProtocol.swift */; };
		95B213EB20BF344400894095 /* MessageViewCell.swift in Sources */ = {isa = PBXBuildFile; fileRef = 95B213EA20BF344400894095 /* MessageViewCell.swift */; };
		95B213ED20BF4ECC00894095 /* BaseViewCell.swift in Sources */ = {isa = PBXBuildFile; fileRef = 95B213EC20BF4ECC00894095 /* BaseViewCell.swift */; };
		95EF728F20B899C90019B275 /* AppDelegate.swift in Sources */ = {isa = PBXBuildFile; fileRef = 95EF728E20B899C90019B275 /* AppDelegate.swift */; };
		95EF729420B899C90019B275 /* Main.storyboard in Resources */ = {isa = PBXBuildFile; fileRef = 95EF729220B899C90019B275 /* Main.storyboard */; };
		95EF729720B899C90019B275 /* h_h_i_p.xcdatamodeld in Sources */ = {isa = PBXBuildFile; fileRef = 95EF729520B899C90019B275 /* h_h_i_p.xcdatamodeld */; };
		95EF729920B899CB0019B275 /* Assets.xcassets in Resources */ = {isa = PBXBuildFile; fileRef = 95EF729820B899CB0019B275 /* Assets.xcassets */; };
		95EF729C20B899CB0019B275 /* LaunchScreen.storyboard in Resources */ = {isa = PBXBuildFile; fileRef = 95EF729A20B899CB0019B275 /* LaunchScreen.storyboard */; };
		95EF72A720B899CB0019B275 /* h_h_i_pTests.swift in Sources */ = {isa = PBXBuildFile; fileRef = 95EF72A620B899CB0019B275 /* h_h_i_pTests.swift */; };
		95EF72B220B89E960019B275 /* ChatsViewController.swift in Sources */ = {isa = PBXBuildFile; fileRef = 95EF72B120B89E950019B275 /* ChatsViewController.swift */; };
		95EF72B420B89EDA0019B275 /* CurrentChatViewController.swift in Sources */ = {isa = PBXBuildFile; fileRef = 95EF72B320B89EDA0019B275 /* CurrentChatViewController.swift */; };
		95EF72BA20B8A0370019B275 /* ChatsInteractor.swift in Sources */ = {isa = PBXBuildFile; fileRef = 95EF72B920B8A0370019B275 /* ChatsInteractor.swift */; };
		95EF72BC20B8A04A0019B275 /* CurrentChatInteractor.swift in Sources */ = {isa = PBXBuildFile; fileRef = 95EF72BB20B8A04A0019B275 /* CurrentChatInteractor.swift */; };
		95EF72BE20B8A0840019B275 /* ChatsPresenter.swift in Sources */ = {isa = PBXBuildFile; fileRef = 95EF72BD20B8A0840019B275 /* ChatsPresenter.swift */; };
		95EF72C020B8A09B0019B275 /* CurrentChatPresenter.swift in Sources */ = {isa = PBXBuildFile; fileRef = 95EF72BF20B8A09B0019B275 /* CurrentChatPresenter.swift */; };
		95EF72C320B8A1380019B275 /* Chat.swift in Sources */ = {isa = PBXBuildFile; fileRef = 95EF72C220B8A1380019B275 /* Chat.swift */; };
		95EF72C620B8A1FB0019B275 /* ChatDataManager.swift in Sources */ = {isa = PBXBuildFile; fileRef = 95EF72C520B8A1FB0019B275 /* ChatDataManager.swift */; };
		95EF72C820B8A2600019B275 /* ChatsRouter.swift in Sources */ = {isa = PBXBuildFile; fileRef = 95EF72C720B8A2600019B275 /* ChatsRouter.swift */; };
		95EF72CA20B8A2710019B275 /* CurrentChatRouter.swift in Sources */ = {isa = PBXBuildFile; fileRef = 95EF72C920B8A2710019B275 /* CurrentChatRouter.swift */; };
		95EF72CC20B8A55B0019B275 /* User.swift in Sources */ = {isa = PBXBuildFile; fileRef = 95EF72CB20B8A55B0019B275 /* User.swift */; };
		95EF72CE20B8A5720019B275 /* Group.swift in Sources */ = {isa = PBXBuildFile; fileRef = 95EF72CD20B8A5720019B275 /* Group.swift */; };
		95EF72D020B8A5810019B275 /* Messege.swift in Sources */ = {isa = PBXBuildFile; fileRef = 95EF72CF20B8A5800019B275 /* Messege.swift */; };
		95EF72D220B8ADAB0019B275 /* Errors.swift in Sources */ = {isa = PBXBuildFile; fileRef = 95EF72D120B8ADAB0019B275 /* Errors.swift */; };
		95EF72D720B8DC970019B275 /* ChatsConfigurer.swift in Sources */ = {isa = PBXBuildFile; fileRef = 95EF72D620B8DC970019B275 /* ChatsConfigurer.swift */; };
		95EF72D920B966BC0019B275 /* Modalable.swift in Sources */ = {isa = PBXBuildFile; fileRef = 95EF72D820B966BC0019B275 /* Modalable.swift */; };
		95EF72DB20B96D9A0019B275 /* Consts.swift in Sources */ = {isa = PBXBuildFile; fileRef = 95EF72DA20B96D9A0019B275 /* Consts.swift */; };
		95EF72DF20B9731F0019B275 /* HttpRequest.swift in Sources */ = {isa = PBXBuildFile; fileRef = 95EF72DE20B9731F0019B275 /* HttpRequest.swift */; };
		95EF72E120BA0C730019B275 /* ChatCell.swift in Sources */ = {isa = PBXBuildFile; fileRef = 95EF72E020BA0C730019B275 /* ChatCell.swift */; };
		95EF72E320BA0C8D0019B275 /* ChatLoadingCell.swift in Sources */ = {isa = PBXBuildFile; fileRef = 95EF72E220BA0C8D0019B275 /* ChatLoadingCell.swift */; };
		95EF72E620BA1F790019B275 /* ReuseIdentifierProtocol.swift in Sources */ = {isa = PBXBuildFile; fileRef = 95EF72E520BA1F790019B275 /* ReuseIdentifierProtocol.swift */; };
		95EF72E920BAA57F0019B275 /* Animation.swift in Sources */ = {isa = PBXBuildFile; fileRef = 95EF72E820BAA57F0019B275 /* Animation.swift */; };
		95EF72EC20BB5AC60019B275 /* MessageTableCell.swift in Sources */ = {isa = PBXBuildFile; fileRef = 95EF72EB20BB5AC60019B275 /* MessageTableCell.swift */; };
		95EF72EE20BB67F50019B275 /* CurrentChatConfigurer.swift in Sources */ = {isa = PBXBuildFile; fileRef = 95EF72ED20BB67F50019B275 /* CurrentChatConfigurer.swift */; };
/* End PBXBuildFile section */

/* Begin PBXContainerItemProxy section */
		95EF72A320B899CB0019B275 /* PBXContainerItemProxy */ = {
			isa = PBXContainerItemProxy;
			containerPortal = 95EF728320B899C90019B275 /* Project object */;
			proxyType = 1;
			remoteGlobalIDString = 95EF728A20B899C90019B275;
			remoteInfo = h.h.i.p;
		};
/* End PBXContainerItemProxy section */

/* Begin PBXFileReference section */
		95B213C720BD554300894095 /* AddChatPresenter.swift */ = {isa = PBXFileReference; lastKnownFileType = sourcecode.swift; path = AddChatPresenter.swift; sourceTree = "<group>"; };
		95B213C920BD555600894095 /* AddChatInteractor.swift */ = {isa = PBXFileReference; lastKnownFileType = sourcecode.swift; path = AddChatInteractor.swift; sourceTree = "<group>"; };
		95B213CB20BD556700894095 /* AddChatRouter.swift */ = {isa = PBXFileReference; lastKnownFileType = sourcecode.swift; path = AddChatRouter.swift; sourceTree = "<group>"; };
		95B213CD20BD557700894095 /* AddChatConfigurer.swift */ = {isa = PBXFileReference; lastKnownFileType = sourcecode.swift; path = AddChatConfigurer.swift; sourceTree = "<group>"; };
		95B213D320BE87D500894095 /* AddChatViewController.swift */ = {isa = PBXFileReference; lastKnownFileType = sourcecode.swift; path = AddChatViewController.swift; sourceTree = "<group>"; };
		95B213D520BE89AF00894095 /* ContactCell.swift */ = {isa = PBXFileReference; lastKnownFileType = sourcecode.swift; path = ContactCell.swift; sourceTree = "<group>"; };
		95B213D820BEE1B600894095 /* TabBarController.swift */ = {isa = PBXFileReference; lastKnownFileType = sourcecode.swift; path = TabBarController.swift; sourceTree = "<group>"; };
		95B213DC20BEE79000894095 /* SettingsViewController.swift */ = {isa = PBXFileReference; lastKnownFileType = sourcecode.swift; path = SettingsViewController.swift; sourceTree = "<group>"; };
		95B213DE20BEE7B500894095 /* SettingsPresenter.swift */ = {isa = PBXFileReference; lastKnownFileType = sourcecode.swift; path = SettingsPresenter.swift; sourceTree = "<group>"; };
		95B213E020BEE7C600894095 /* SettingsInteractor.swift */ = {isa = PBXFileReference; lastKnownFileType = sourcecode.swift; path = SettingsInteractor.swift; sourceTree = "<group>"; };
		95B213E220BEE7D800894095 /* SettingsRouter.swift */ = {isa = PBXFileReference; lastKnownFileType = sourcecode.swift; path = SettingsRouter.swift; sourceTree = "<group>"; };
		95B213E420BEE7E500894095 /* SettingsConfigurer.swift */ = {isa = PBXFileReference; lastKnownFileType = sourcecode.swift; path = SettingsConfigurer.swift; sourceTree = "<group>"; };
		95B213E820BF254000894095 /* CustomCellProtocol.swift */ = {isa = PBXFileReference; lastKnownFileType = sourcecode.swift; path = CustomCellProtocol.swift; sourceTree = "<group>"; };
		95B213EA20BF344400894095 /* MessageViewCell.swift */ = {isa = PBXFileReference; lastKnownFileType = sourcecode.swift; path = MessageViewCell.swift; sourceTree = "<group>"; };
		95B213EC20BF4ECC00894095 /* BaseViewCell.swift */ = {isa = PBXFileReference; lastKnownFileType = sourcecode.swift; path = BaseViewCell.swift; sourceTree = "<group>"; };
		95EF728B20B899C90019B275 /* h.h.i.p.app */ = {isa = PBXFileReference; explicitFileType = wrapper.application; includeInIndex = 0; path = h.h.i.p.app; sourceTree = BUILT_PRODUCTS_DIR; };
		95EF728E20B899C90019B275 /* AppDelegate.swift */ = {isa = PBXFileReference; lastKnownFileType = sourcecode.swift; path = AppDelegate.swift; sourceTree = "<group>"; };
		95EF729320B899C90019B275 /* Base */ = {isa = PBXFileReference; lastKnownFileType = file.storyboard; name = Base; path = Base.lproj/Main.storyboard; sourceTree = "<group>"; };
		95EF729620B899C90019B275 /* h_h_i_p.xcdatamodel */ = {isa = PBXFileReference; lastKnownFileType = wrapper.xcdatamodel; path = h_h_i_p.xcdatamodel; sourceTree = "<group>"; };
		95EF729820B899CB0019B275 /* Assets.xcassets */ = {isa = PBXFileReference; lastKnownFileType = folder.assetcatalog; path = Assets.xcassets; sourceTree = "<group>"; };
		95EF729B20B899CB0019B275 /* Base */ = {isa = PBXFileReference; lastKnownFileType = file.storyboard; name = Base; path = Base.lproj/LaunchScreen.storyboard; sourceTree = "<group>"; };
		95EF729D20B899CB0019B275 /* Info.plist */ = {isa = PBXFileReference; lastKnownFileType = text.plist.xml; path = Info.plist; sourceTree = "<group>"; };
		95EF72A220B899CB0019B275 /* h.h.i.pTests.xctest */ = {isa = PBXFileReference; explicitFileType = wrapper.cfbundle; includeInIndex = 0; path = h.h.i.pTests.xctest; sourceTree = BUILT_PRODUCTS_DIR; };
		95EF72A620B899CB0019B275 /* h_h_i_pTests.swift */ = {isa = PBXFileReference; lastKnownFileType = sourcecode.swift; path = h_h_i_pTests.swift; sourceTree = "<group>"; };
		95EF72A820B899CC0019B275 /* Info.plist */ = {isa = PBXFileReference; lastKnownFileType = text.plist.xml; path = Info.plist; sourceTree = "<group>"; };
		95EF72B120B89E950019B275 /* ChatsViewController.swift */ = {isa = PBXFileReference; lastKnownFileType = sourcecode.swift; path = ChatsViewController.swift; sourceTree = "<group>"; };
		95EF72B320B89EDA0019B275 /* CurrentChatViewController.swift */ = {isa = PBXFileReference; lastKnownFileType = sourcecode.swift; path = CurrentChatViewController.swift; sourceTree = "<group>"; };
		95EF72B920B8A0370019B275 /* ChatsInteractor.swift */ = {isa = PBXFileReference; lastKnownFileType = sourcecode.swift; path = ChatsInteractor.swift; sourceTree = "<group>"; };
		95EF72BB20B8A04A0019B275 /* CurrentChatInteractor.swift */ = {isa = PBXFileReference; lastKnownFileType = sourcecode.swift; path = CurrentChatInteractor.swift; sourceTree = "<group>"; };
		95EF72BD20B8A0840019B275 /* ChatsPresenter.swift */ = {isa = PBXFileReference; lastKnownFileType = sourcecode.swift; path = ChatsPresenter.swift; sourceTree = "<group>"; };
		95EF72BF20B8A09B0019B275 /* CurrentChatPresenter.swift */ = {isa = PBXFileReference; lastKnownFileType = sourcecode.swift; path = CurrentChatPresenter.swift; sourceTree = "<group>"; };
		95EF72C220B8A1380019B275 /* Chat.swift */ = {isa = PBXFileReference; lastKnownFileType = sourcecode.swift; path = Chat.swift; sourceTree = "<group>"; };
		95EF72C520B8A1FB0019B275 /* ChatDataManager.swift */ = {isa = PBXFileReference; lastKnownFileType = sourcecode.swift; path = ChatDataManager.swift; sourceTree = "<group>"; };
		95EF72C720B8A2600019B275 /* ChatsRouter.swift */ = {isa = PBXFileReference; lastKnownFileType = sourcecode.swift; path = ChatsRouter.swift; sourceTree = "<group>"; };
		95EF72C920B8A2710019B275 /* CurrentChatRouter.swift */ = {isa = PBXFileReference; lastKnownFileType = sourcecode.swift; path = CurrentChatRouter.swift; sourceTree = "<group>"; };
		95EF72CB20B8A55B0019B275 /* User.swift */ = {isa = PBXFileReference; lastKnownFileType = sourcecode.swift; path = User.swift; sourceTree = "<group>"; };
		95EF72CD20B8A5720019B275 /* Group.swift */ = {isa = PBXFileReference; lastKnownFileType = sourcecode.swift; path = Group.swift; sourceTree = "<group>"; };
		95EF72CF20B8A5800019B275 /* Messege.swift */ = {isa = PBXFileReference; lastKnownFileType = sourcecode.swift; path = Messege.swift; sourceTree = "<group>"; };
		95EF72D120B8ADAB0019B275 /* Errors.swift */ = {isa = PBXFileReference; lastKnownFileType = sourcecode.swift; path = Errors.swift; sourceTree = "<group>"; };
		95EF72D620B8DC970019B275 /* ChatsConfigurer.swift */ = {isa = PBXFileReference; lastKnownFileType = sourcecode.swift; path = ChatsConfigurer.swift; sourceTree = "<group>"; };
		95EF72D820B966BC0019B275 /* Modalable.swift */ = {isa = PBXFileReference; lastKnownFileType = sourcecode.swift; path = Modalable.swift; sourceTree = "<group>"; };
		95EF72DA20B96D9A0019B275 /* Consts.swift */ = {isa = PBXFileReference; lastKnownFileType = sourcecode.swift; path = Consts.swift; sourceTree = "<group>"; };
		95EF72DE20B9731F0019B275 /* HttpRequest.swift */ = {isa = PBXFileReference; lastKnownFileType = sourcecode.swift; path = HttpRequest.swift; sourceTree = "<group>"; };
		95EF72E020BA0C730019B275 /* ChatCell.swift */ = {isa = PBXFileReference; lastKnownFileType = sourcecode.swift; path = ChatCell.swift; sourceTree = "<group>"; };
		95EF72E220BA0C8D0019B275 /* ChatLoadingCell.swift */ = {isa = PBXFileReference; lastKnownFileType = sourcecode.swift; path = ChatLoadingCell.swift; sourceTree = "<group>"; };
		95EF72E520BA1F790019B275 /* ReuseIdentifierProtocol.swift */ = {isa = PBXFileReference; lastKnownFileType = sourcecode.swift; path = ReuseIdentifierProtocol.swift; sourceTree = "<group>"; };
		95EF72E820BAA57F0019B275 /* Animation.swift */ = {isa = PBXFileReference; lastKnownFileType = sourcecode.swift; path = Animation.swift; sourceTree = "<group>"; };
		95EF72EB20BB5AC60019B275 /* MessageTableCell.swift */ = {isa = PBXFileReference; lastKnownFileType = sourcecode.swift; path = MessageTableCell.swift; sourceTree = "<group>"; };
		95EF72ED20BB67F50019B275 /* CurrentChatConfigurer.swift */ = {isa = PBXFileReference; lastKnownFileType = sourcecode.swift; path = CurrentChatConfigurer.swift; sourceTree = "<group>"; };
/* End PBXFileReference section */

/* Begin PBXFrameworksBuildPhase section */
		95EF728820B899C90019B275 /* Frameworks */ = {
			isa = PBXFrameworksBuildPhase;
			buildActionMask = 2147483647;
			files = (
			);
			runOnlyForDeploymentPostprocessing = 0;
		};
		95EF729F20B899CB0019B275 /* Frameworks */ = {
			isa = PBXFrameworksBuildPhase;
			buildActionMask = 2147483647;
			files = (
			);
			runOnlyForDeploymentPostprocessing = 0;
		};
/* End PBXFrameworksBuildPhase section */

/* Begin PBXGroup section */
		95B213C220BD545900894095 /* AddChat */ = {
			isa = PBXGroup;
			children = (
				95B213C420BD547100894095 /* Cells */,
				95B213C320BD546700894095 /* Modules */,
			);
			path = AddChat;
			sourceTree = "<group>";
		};
		95B213C320BD546700894095 /* Modules */ = {
			isa = PBXGroup;
			children = (
				95B213D320BE87D500894095 /* AddChatViewController.swift */,
				95B213C720BD554300894095 /* AddChatPresenter.swift */,
				95B213C920BD555600894095 /* AddChatInteractor.swift */,
				95B213CB20BD556700894095 /* AddChatRouter.swift */,
				95B213CD20BD557700894095 /* AddChatConfigurer.swift */,
			);
			path = Modules;
			sourceTree = "<group>";
		};
		95B213C420BD547100894095 /* Cells */ = {
			isa = PBXGroup;
			children = (
				95B213D520BE89AF00894095 /* ContactCell.swift */,
			);
			path = Cells;
			sourceTree = "<group>";
		};
		95B213D720BEE0A300894095 /* TabBar */ = {
			isa = PBXGroup;
			children = (
				95B213D820BEE1B600894095 /* TabBarController.swift */,
			);
			path = TabBar;
			sourceTree = "<group>";
		};
		95B213DA20BEE75A00894095 /* Settings */ = {
			isa = PBXGroup;
			children = (
				95B213DB20BEE76F00894095 /* Modules */,
			);
			path = Settings;
			sourceTree = "<group>";
		};
		95B213DB20BEE76F00894095 /* Modules */ = {
			isa = PBXGroup;
			children = (
				95B213DC20BEE79000894095 /* SettingsViewController.swift */,
				95B213DE20BEE7B500894095 /* SettingsPresenter.swift */,
				95B213E020BEE7C600894095 /* SettingsInteractor.swift */,
				95B213E220BEE7D800894095 /* SettingsRouter.swift */,
				95B213E420BEE7E500894095 /* SettingsConfigurer.swift */,
			);
			path = Modules;
			sourceTree = "<group>";
		};
		95B213E720BF250B00894095 /* Utils */ = {
			isa = PBXGroup;
			children = (
				95EF72DA20B96D9A0019B275 /* Consts.swift */,
				95EF72E520BA1F790019B275 /* ReuseIdentifierProtocol.swift */,
				95B213E820BF254000894095 /* CustomCellProtocol.swift */,
				95B213EC20BF4ECC00894095 /* BaseViewCell.swift */,
			);
			path = Utils;
			sourceTree = "<group>";
		};
		95EF728220B899C90019B275 = {
			isa = PBXGroup;
			children = (
				95EF728D20B899C90019B275 /* h.h.i.p */,
				95EF72A520B899CB0019B275 /* h.h.i.pTests */,
				95EF728C20B899C90019B275 /* Products */,
			);
			sourceTree = "<group>";
		};
		95EF728C20B899C90019B275 /* Products */ = {
			isa = PBXGroup;
			children = (
				95EF728B20B899C90019B275 /* h.h.i.p.app */,
				95EF72A220B899CB0019B275 /* h.h.i.pTests.xctest */,
			);
			name = Products;
			sourceTree = "<group>";
		};
		95EF728D20B899C90019B275 /* h.h.i.p */ = {
			isa = PBXGroup;
			children = (
				95B213D720BEE0A300894095 /* TabBar */,
				95EF72E720BAA5690019B275 /* Animation */,
				95EF72C420B8A1DF0019B275 /* Services */,
				95EF72C120B8A10D0019B275 /* Models */,
				95EF72B720B89FAD0019B275 /* AllChats */,
				95EF72B520B89F7F0019B275 /* ChatDetail */,
				95B213C220BD545900894095 /* AddChat */,
				95B213DA20BEE75A00894095 /* Settings */,
				95B213E720BF250B00894095 /* Utils */,
				95EF729220B899C90019B275 /* Main.storyboard */,
				95EF728E20B899C90019B275 /* AppDelegate.swift */,
				95EF729820B899CB0019B275 /* Assets.xcassets */,
				95EF729A20B899CB0019B275 /* LaunchScreen.storyboard */,
				95EF729D20B899CB0019B275 /* Info.plist */,
				95EF729520B899C90019B275 /* h_h_i_p.xcdatamodeld */,
			);
			path = h.h.i.p;
			sourceTree = "<group>";
		};
		95EF72A520B899CB0019B275 /* h.h.i.pTests */ = {
			isa = PBXGroup;
			children = (
				95EF72A620B899CB0019B275 /* h_h_i_pTests.swift */,
				95EF72A820B899CC0019B275 /* Info.plist */,
			);
			path = h.h.i.pTests;
			sourceTree = "<group>";
		};
		95EF72B520B89F7F0019B275 /* ChatDetail */ = {
			isa = PBXGroup;
			children = (
				95EF72B620B89F9D0019B275 /* Modules */,
				95EF72EA20BB5AA50019B275 /* Cells */,
			);
			path = ChatDetail;
			sourceTree = "<group>";
		};
		95EF72B620B89F9D0019B275 /* Modules */ = {
			isa = PBXGroup;
			children = (
				95EF72B320B89EDA0019B275 /* CurrentChatViewController.swift */,
				95EF72BF20B8A09B0019B275 /* CurrentChatPresenter.swift */,
				95EF72BB20B8A04A0019B275 /* CurrentChatInteractor.swift */,
				95EF72C920B8A2710019B275 /* CurrentChatRouter.swift */,
				95EF72ED20BB67F50019B275 /* CurrentChatConfigurer.swift */,
			);
			path = Modules;
			sourceTree = "<group>";
		};
		95EF72B720B89FAD0019B275 /* AllChats */ = {
			isa = PBXGroup;
			children = (
				95EF72B820B89FBF0019B275 /* Modules */,
				95EF72E420BA0CF50019B275 /* TableCells */,
			);
			path = AllChats;
			sourceTree = "<group>";
		};
		95EF72B820B89FBF0019B275 /* Modules */ = {
			isa = PBXGroup;
			children = (
				95EF72B120B89E950019B275 /* ChatsViewController.swift */,
				95EF72BD20B8A0840019B275 /* ChatsPresenter.swift */,
				95EF72B920B8A0370019B275 /* ChatsInteractor.swift */,
				95EF72C720B8A2600019B275 /* ChatsRouter.swift */,
				95EF72D620B8DC970019B275 /* ChatsConfigurer.swift */,
			);
			path = Modules;
			sourceTree = "<group>";
		};
		95EF72C120B8A10D0019B275 /* Models */ = {
			isa = PBXGroup;
			children = (
				95EF72C220B8A1380019B275 /* Chat.swift */,
				95EF72CB20B8A55B0019B275 /* User.swift */,
				95EF72CD20B8A5720019B275 /* Group.swift */,
				95EF72CF20B8A5800019B275 /* Messege.swift */,
				95EF72D120B8ADAB0019B275 /* Errors.swift */,
				95EF72D820B966BC0019B275 /* Modalable.swift */,
			);
			path = Models;
			sourceTree = "<group>";
		};
		95EF72C420B8A1DF0019B275 /* Services */ = {
			isa = PBXGroup;
			children = (
				95EF72DC20B972EA0019B275 /* Network */,
				95EF72D320B8B5FD0019B275 /* Protocols */,
				95EF72C520B8A1FB0019B275 /* ChatDataManager.swift */,
			);
			path = Services;
			sourceTree = "<group>";
		};
		95EF72D320B8B5FD0019B275 /* Protocols */ = {
			isa = PBXGroup;
			children = (
			);
			path = Protocols;
			sourceTree = "<group>";
		};
		95EF72DC20B972EA0019B275 /* Network */ = {
			isa = PBXGroup;
			children = (
				95EF72DE20B9731F0019B275 /* HttpRequest.swift */,
			);
			path = Network;
			sourceTree = "<group>";
		};
		95EF72E420BA0CF50019B275 /* TableCells */ = {
			isa = PBXGroup;
			children = (
				95EF72E020BA0C730019B275 /* ChatCell.swift */,
				95EF72E220BA0C8D0019B275 /* ChatLoadingCell.swift */,
			);
			path = TableCells;
			sourceTree = "<group>";
		};
		95EF72E720BAA5690019B275 /* Animation */ = {
			isa = PBXGroup;
			children = (
				95EF72E820BAA57F0019B275 /* Animation.swift */,
			);
			path = Animation;
			sourceTree = "<group>";
		};
		95EF72EA20BB5AA50019B275 /* Cells */ = {
			isa = PBXGroup;
			children = (
				95EF72EB20BB5AC60019B275 /* MessageTableCell.swift */,
				95B213EA20BF344400894095 /* MessageViewCell.swift */,
			);
			path = Cells;
			sourceTree = "<group>";
		};
/* End PBXGroup section */

/* Begin PBXNativeTarget section */
		95EF728A20B899C90019B275 /* h.h.i.p */ = {
			isa = PBXNativeTarget;
			buildConfigurationList = 95EF72AB20B899CC0019B275 /* Build configuration list for PBXNativeTarget "h.h.i.p" */;
			buildPhases = (
				95EF728720B899C90019B275 /* Sources */,
				95EF728820B899C90019B275 /* Frameworks */,
				95EF728920B899C90019B275 /* Resources */,
			);
			buildRules = (
			);
			dependencies = (
			);
			name = h.h.i.p;
			productName = h.h.i.p;
			productReference = 95EF728B20B899C90019B275 /* h.h.i.p.app */;
			productType = "com.apple.product-type.application";
		};
		95EF72A120B899CB0019B275 /* h.h.i.pTests */ = {
			isa = PBXNativeTarget;
			buildConfigurationList = 95EF72AE20B899CC0019B275 /* Build configuration list for PBXNativeTarget "h.h.i.pTests" */;
			buildPhases = (
				95EF729E20B899CB0019B275 /* Sources */,
				95EF729F20B899CB0019B275 /* Frameworks */,
				95EF72A020B899CB0019B275 /* Resources */,
			);
			buildRules = (
			);
			dependencies = (
				95EF72A420B899CB0019B275 /* PBXTargetDependency */,
			);
			name = h.h.i.pTests;
			productName = h.h.i.pTests;
			productReference = 95EF72A220B899CB0019B275 /* h.h.i.pTests.xctest */;
			productType = "com.apple.product-type.bundle.unit-test";
		};
/* End PBXNativeTarget section */

/* Begin PBXProject section */
		95EF728320B899C90019B275 /* Project object */ = {
			isa = PBXProject;
			attributes = {
				LastSwiftUpdateCheck = 0930;
				LastUpgradeCheck = 0930;
				ORGANIZATIONNAME = "Alex Odintsov";
				TargetAttributes = {
					95EF728A20B899C90019B275 = {
						CreatedOnToolsVersion = 9.3;
					};
					95EF72A120B899CB0019B275 = {
						CreatedOnToolsVersion = 9.3;
						TestTargetID = 95EF728A20B899C90019B275;
					};
				};
			};
			buildConfigurationList = 95EF728620B899C90019B275 /* Build configuration list for PBXProject "h.h.i.p" */;
			compatibilityVersion = "Xcode 9.3";
			developmentRegion = en;
			hasScannedForEncodings = 0;
			knownRegions = (
				en,
				Base,
			);
			mainGroup = 95EF728220B899C90019B275;
			productRefGroup = 95EF728C20B899C90019B275 /* Products */;
			projectDirPath = "";
			projectRoot = "";
			targets = (
				95EF728A20B899C90019B275 /* h.h.i.p */,
				95EF72A120B899CB0019B275 /* h.h.i.pTests */,
			);
		};
/* End PBXProject section */

/* Begin PBXResourcesBuildPhase section */
		95EF728920B899C90019B275 /* Resources */ = {
			isa = PBXResourcesBuildPhase;
			buildActionMask = 2147483647;
			files = (
				95EF729C20B899CB0019B275 /* LaunchScreen.storyboard in Resources */,
				95EF729920B899CB0019B275 /* Assets.xcassets in Resources */,
				95EF729420B899C90019B275 /* Main.storyboard in Resources */,
			);
			runOnlyForDeploymentPostprocessing = 0;
		};
		95EF72A020B899CB0019B275 /* Resources */ = {
			isa = PBXResourcesBuildPhase;
			buildActionMask = 2147483647;
			files = (
			);
			runOnlyForDeploymentPostprocessing = 0;
		};
/* End PBXResourcesBuildPhase section */

/* Begin PBXSourcesBuildPhase section */
		95EF728720B899C90019B275 /* Sources */ = {
			isa = PBXSourcesBuildPhase;
			buildActionMask = 2147483647;
			files = (
				95EF72CC20B8A55B0019B275 /* User.swift in Sources */,
				95B213E920BF254000894095 /* CustomCellProtocol.swift in Sources */,
				95EF72E620BA1F790019B275 /* ReuseIdentifierProtocol.swift in Sources */,
				95EF72DF20B9731F0019B275 /* HttpRequest.swift in Sources */,
				95EF72EE20BB67F50019B275 /* CurrentChatConfigurer.swift in Sources */,
				95EF72C020B8A09B0019B275 /* CurrentChatPresenter.swift in Sources */,
				95EF72B420B89EDA0019B275 /* CurrentChatViewController.swift in Sources */,
				95B213CC20BD556700894095 /* AddChatRouter.swift in Sources */,
				95EF729720B899C90019B275 /* h_h_i_p.xcdatamodeld in Sources */,
				95EF72D220B8ADAB0019B275 /* Errors.swift in Sources */,
				95EF72C820B8A2600019B275 /* ChatsRouter.swift in Sources */,
				95EF72BE20B8A0840019B275 /* ChatsPresenter.swift in Sources */,
				95EF72C320B8A1380019B275 /* Chat.swift in Sources */,
				95B213CE20BD557700894095 /* AddChatConfigurer.swift in Sources */,
				95EF72E920BAA57F0019B275 /* Animation.swift in Sources */,
				95EF72D720B8DC970019B275 /* ChatsConfigurer.swift in Sources */,
				95EF72CE20B8A5720019B275 /* Group.swift in Sources */,
				95EF72E120BA0C730019B275 /* ChatCell.swift in Sources */,
				95B213CA20BD555600894095 /* AddChatInteractor.swift in Sources */,
				95B213D420BE87D500894095 /* AddChatViewController.swift in Sources */,
				95EF72B220B89E960019B275 /* ChatsViewController.swift in Sources */,
				95EF72BA20B8A0370019B275 /* ChatsInteractor.swift in Sources */,
				95EF72BC20B8A04A0019B275 /* CurrentChatInteractor.swift in Sources */,
				95B213C820BD554300894095 /* AddChatPresenter.swift in Sources */,
				95EF72D920B966BC0019B275 /* Modalable.swift in Sources */,
				95B213D920BEE1B600894095 /* TabBarController.swift in Sources */,
				95B213D620BE89AF00894095 /* ContactCell.swift in Sources */,
				95EF72EC20BB5AC60019B275 /* MessageTableCell.swift in Sources */,
				95EF728F20B899C90019B275 /* AppDelegate.swift in Sources */,
				95B213E320BEE7D800894095 /* SettingsRouter.swift in Sources */,
				95EF72CA20B8A2710019B275 /* CurrentChatRouter.swift in Sources */,
				95B213DD20BEE79000894095 /* SettingsViewController.swift in Sources */,
				95B213EB20BF344400894095 /* MessageViewCell.swift in Sources */,
				95EF72C620B8A1FB0019B275 /* ChatDataManager.swift in Sources */,
				95B213E520BEE7E500894095 /* SettingsConfigurer.swift in Sources */,
				95EF72DB20B96D9A0019B275 /* Consts.swift in Sources */,
				95EF72E320BA0C8D0019B275 /* ChatLoadingCell.swift in Sources */,
				95EF72D020B8A5810019B275 /* Messege.swift in Sources */,
				95B213DF20BEE7B500894095 /* SettingsPresenter.swift in Sources */,
				95B213ED20BF4ECC00894095 /* BaseViewCell.swift in Sources */,
				95B213E120BEE7C600894095 /* SettingsInteractor.swift in Sources */,
			);
			runOnlyForDeploymentPostprocessing = 0;
		};
		95EF729E20B899CB0019B275 /* Sources */ = {
			isa = PBXSourcesBuildPhase;
			buildActionMask = 2147483647;
			files = (
				95EF72A720B899CB0019B275 /* h_h_i_pTests.swift in Sources */,
			);
			runOnlyForDeploymentPostprocessing = 0;
		};
/* End PBXSourcesBuildPhase section */

/* Begin PBXTargetDependency section */
		95EF72A420B899CB0019B275 /* PBXTargetDependency */ = {
			isa = PBXTargetDependency;
			target = 95EF728A20B899C90019B275 /* h.h.i.p */;
			targetProxy = 95EF72A320B899CB0019B275 /* PBXContainerItemProxy */;
		};
/* End PBXTargetDependency section */

/* Begin PBXVariantGroup section */
		95EF729220B899C90019B275 /* Main.storyboard */ = {
			isa = PBXVariantGroup;
			children = (
				95EF729320B899C90019B275 /* Base */,
			);
			name = Main.storyboard;
			sourceTree = "<group>";
		};
		95EF729A20B899CB0019B275 /* LaunchScreen.storyboard */ = {
			isa = PBXVariantGroup;
			children = (
				95EF729B20B899CB0019B275 /* Base */,
			);
			name = LaunchScreen.storyboard;
			sourceTree = "<group>";
		};
/* End PBXVariantGroup section */

/* Begin XCBuildConfiguration section */
		95EF72A920B899CC0019B275 /* Debug */ = {
			isa = XCBuildConfiguration;
			buildSettings = {
				ALWAYS_SEARCH_USER_PATHS = NO;
				CLANG_ANALYZER_NONNULL = YES;
				CLANG_ANALYZER_NUMBER_OBJECT_CONVERSION = YES_AGGRESSIVE;
				CLANG_CXX_LANGUAGE_STANDARD = "gnu++14";
				CLANG_CXX_LIBRARY = "libc++";
				CLANG_ENABLE_MODULES = YES;
				CLANG_ENABLE_OBJC_ARC = YES;
				CLANG_ENABLE_OBJC_WEAK = YES;
				CLANG_WARN_BLOCK_CAPTURE_AUTORELEASING = YES;
				CLANG_WARN_BOOL_CONVERSION = YES;
				CLANG_WARN_COMMA = YES;
				CLANG_WARN_CONSTANT_CONVERSION = YES;
				CLANG_WARN_DEPRECATED_OBJC_IMPLEMENTATIONS = YES;
				CLANG_WARN_DIRECT_OBJC_ISA_USAGE = YES_ERROR;
				CLANG_WARN_DOCUMENTATION_COMMENTS = YES;
				CLANG_WARN_EMPTY_BODY = YES;
				CLANG_WARN_ENUM_CONVERSION = YES;
				CLANG_WARN_INFINITE_RECURSION = YES;
				CLANG_WARN_INT_CONVERSION = YES;
				CLANG_WARN_NON_LITERAL_NULL_CONVERSION = YES;
				CLANG_WARN_OBJC_IMPLICIT_RETAIN_SELF = YES;
				CLANG_WARN_OBJC_LITERAL_CONVERSION = YES;
				CLANG_WARN_OBJC_ROOT_CLASS = YES_ERROR;
				CLANG_WARN_RANGE_LOOP_ANALYSIS = YES;
				CLANG_WARN_STRICT_PROTOTYPES = YES;
				CLANG_WARN_SUSPICIOUS_MOVE = YES;
				CLANG_WARN_UNGUARDED_AVAILABILITY = YES_AGGRESSIVE;
				CLANG_WARN_UNREACHABLE_CODE = YES;
				CLANG_WARN__DUPLICATE_METHOD_MATCH = YES;
				CODE_SIGN_IDENTITY = "iPhone Developer";
				COPY_PHASE_STRIP = NO;
				DEBUG_INFORMATION_FORMAT = dwarf;
				ENABLE_STRICT_OBJC_MSGSEND = YES;
				ENABLE_TESTABILITY = YES;
				GCC_C_LANGUAGE_STANDARD = gnu11;
				GCC_DYNAMIC_NO_PIC = NO;
				GCC_NO_COMMON_BLOCKS = YES;
				GCC_OPTIMIZATION_LEVEL = 0;
				GCC_PREPROCESSOR_DEFINITIONS = (
					"DEBUG=1",
					"$(inherited)",
				);
				GCC_WARN_64_TO_32_BIT_CONVERSION = YES;
				GCC_WARN_ABOUT_RETURN_TYPE = YES_ERROR;
				GCC_WARN_UNDECLARED_SELECTOR = YES;
				GCC_WARN_UNINITIALIZED_AUTOS = YES_AGGRESSIVE;
				GCC_WARN_UNUSED_FUNCTION = YES;
				GCC_WARN_UNUSED_VARIABLE = YES;
				IPHONEOS_DEPLOYMENT_TARGET = 11.3;
				MTL_ENABLE_DEBUG_INFO = YES;
				ONLY_ACTIVE_ARCH = YES;
				SDKROOT = iphoneos;
				SWIFT_ACTIVE_COMPILATION_CONDITIONS = DEBUG;
				SWIFT_OPTIMIZATION_LEVEL = "-Onone";
			};
			name = Debug;
		};
		95EF72AA20B899CC0019B275 /* Release */ = {
			isa = XCBuildConfiguration;
			buildSettings = {
				ALWAYS_SEARCH_USER_PATHS = NO;
				CLANG_ANALYZER_NONNULL = YES;
				CLANG_ANALYZER_NUMBER_OBJECT_CONVERSION = YES_AGGRESSIVE;
				CLANG_CXX_LANGUAGE_STANDARD = "gnu++14";
				CLANG_CXX_LIBRARY = "libc++";
				CLANG_ENABLE_MODULES = YES;
				CLANG_ENABLE_OBJC_ARC = YES;
				CLANG_ENABLE_OBJC_WEAK = YES;
				CLANG_WARN_BLOCK_CAPTURE_AUTORELEASING = YES;
				CLANG_WARN_BOOL_CONVERSION = YES;
				CLANG_WARN_COMMA = YES;
				CLANG_WARN_CONSTANT_CONVERSION = YES;
				CLANG_WARN_DEPRECATED_OBJC_IMPLEMENTATIONS = YES;
				CLANG_WARN_DIRECT_OBJC_ISA_USAGE = YES_ERROR;
				CLANG_WARN_DOCUMENTATION_COMMENTS = YES;
				CLANG_WARN_EMPTY_BODY = YES;
				CLANG_WARN_ENUM_CONVERSION = YES;
				CLANG_WARN_INFINITE_RECURSION = YES;
				CLANG_WARN_INT_CONVERSION = YES;
				CLANG_WARN_NON_LITERAL_NULL_CONVERSION = YES;
				CLANG_WARN_OBJC_IMPLICIT_RETAIN_SELF = YES;
				CLANG_WARN_OBJC_LITERAL_CONVERSION = YES;
				CLANG_WARN_OBJC_ROOT_CLASS = YES_ERROR;
				CLANG_WARN_RANGE_LOOP_ANALYSIS = YES;
				CLANG_WARN_STRICT_PROTOTYPES = YES;
				CLANG_WARN_SUSPICIOUS_MOVE = YES;
				CLANG_WARN_UNGUARDED_AVAILABILITY = YES_AGGRESSIVE;
				CLANG_WARN_UNREACHABLE_CODE = YES;
				CLANG_WARN__DUPLICATE_METHOD_MATCH = YES;
				CODE_SIGN_IDENTITY = "iPhone Developer";
				COPY_PHASE_STRIP = NO;
				DEBUG_INFORMATION_FORMAT = "dwarf-with-dsym";
				ENABLE_NS_ASSERTIONS = NO;
				ENABLE_STRICT_OBJC_MSGSEND = YES;
				GCC_C_LANGUAGE_STANDARD = gnu11;
				GCC_NO_COMMON_BLOCKS = YES;
				GCC_WARN_64_TO_32_BIT_CONVERSION = YES;
				GCC_WARN_ABOUT_RETURN_TYPE = YES_ERROR;
				GCC_WARN_UNDECLARED_SELECTOR = YES;
				GCC_WARN_UNINITIALIZED_AUTOS = YES_AGGRESSIVE;
				GCC_WARN_UNUSED_FUNCTION = YES;
				GCC_WARN_UNUSED_VARIABLE = YES;
				IPHONEOS_DEPLOYMENT_TARGET = 11.3;
				MTL_ENABLE_DEBUG_INFO = NO;
				SDKROOT = iphoneos;
				SWIFT_COMPILATION_MODE = wholemodule;
				SWIFT_OPTIMIZATION_LEVEL = "-O";
				VALIDATE_PRODUCT = YES;
			};
			name = Release;
		};
		95EF72AC20B899CC0019B275 /* Debug */ = {
			isa = XCBuildConfiguration;
			buildSettings = {
				ASSETCATALOG_COMPILER_APPICON_NAME = AppIcon;
				CODE_SIGN_STYLE = Automatic;
				DEVELOPMENT_TEAM = M48S3Y65RF;
				INFOPLIST_FILE = h.h.i.p/Info.plist;
				IPHONEOS_DEPLOYMENT_TARGET = 10.0;
				LD_RUNPATH_SEARCH_PATHS = (
					"$(inherited)",
					"@executable_path/Frameworks",
				);
				PRODUCT_BUNDLE_IDENTIFIER = "com.mywork.h-h-i-p";
				PRODUCT_NAME = "$(TARGET_NAME)";
				SWIFT_VERSION = 4.0;
				TARGETED_DEVICE_FAMILY = "1,2";
			};
			name = Debug;
		};
		95EF72AD20B899CC0019B275 /* Release */ = {
			isa = XCBuildConfiguration;
			buildSettings = {
				ASSETCATALOG_COMPILER_APPICON_NAME = AppIcon;
				CODE_SIGN_STYLE = Automatic;
				DEVELOPMENT_TEAM = M48S3Y65RF;
				INFOPLIST_FILE = h.h.i.p/Info.plist;
				IPHONEOS_DEPLOYMENT_TARGET = 10.0;
				LD_RUNPATH_SEARCH_PATHS = (
					"$(inherited)",
					"@executable_path/Frameworks",
				);
				PRODUCT_BUNDLE_IDENTIFIER = "com.mywork.h-h-i-p";
				PRODUCT_NAME = "$(TARGET_NAME)";
				SWIFT_VERSION = 4.0;
				TARGETED_DEVICE_FAMILY = "1,2";
			};
			name = Release;
		};
		95EF72AF20B899CC0019B275 /* Debug */ = {
			isa = XCBuildConfiguration;
			buildSettings = {
				ALWAYS_EMBED_SWIFT_STANDARD_LIBRARIES = YES;
				BUNDLE_LOADER = "$(TEST_HOST)";
				CODE_SIGN_STYLE = Automatic;
				DEVELOPMENT_TEAM = M48S3Y65RF;
				INFOPLIST_FILE = h.h.i.pTests/Info.plist;
				LD_RUNPATH_SEARCH_PATHS = (
					"$(inherited)",
					"@executable_path/Frameworks",
					"@loader_path/Frameworks",
				);
				PRODUCT_BUNDLE_IDENTIFIER = "com.mywork.h-h-i-pTests";
				PRODUCT_NAME = "$(TARGET_NAME)";
				SWIFT_VERSION = 4.0;
				TARGETED_DEVICE_FAMILY = "1,2";
				TEST_HOST = "$(BUILT_PRODUCTS_DIR)/h.h.i.p.app/h.h.i.p";
			};
			name = Debug;
		};
		95EF72B020B899CC0019B275 /* Release */ = {
			isa = XCBuildConfiguration;
			buildSettings = {
				ALWAYS_EMBED_SWIFT_STANDARD_LIBRARIES = YES;
				BUNDLE_LOADER = "$(TEST_HOST)";
				CODE_SIGN_STYLE = Automatic;
				DEVELOPMENT_TEAM = M48S3Y65RF;
				INFOPLIST_FILE = h.h.i.pTests/Info.plist;
				LD_RUNPATH_SEARCH_PATHS = (
					"$(inherited)",
					"@executable_path/Frameworks",
					"@loader_path/Frameworks",
				);
				PRODUCT_BUNDLE_IDENTIFIER = "com.mywork.h-h-i-pTests";
				PRODUCT_NAME = "$(TARGET_NAME)";
				SWIFT_VERSION = 4.0;
				TARGETED_DEVICE_FAMILY = "1,2";
				TEST_HOST = "$(BUILT_PRODUCTS_DIR)/h.h.i.p.app/h.h.i.p";
			};
			name = Release;
		};
/* End XCBuildConfiguration section */

/* Begin XCConfigurationList section */
		95EF728620B899C90019B275 /* Build configuration list for PBXProject "h.h.i.p" */ = {
			isa = XCConfigurationList;
			buildConfigurations = (
				95EF72A920B899CC0019B275 /* Debug */,
				95EF72AA20B899CC0019B275 /* Release */,
			);
			defaultConfigurationIsVisible = 0;
			defaultConfigurationName = Release;
		};
		95EF72AB20B899CC0019B275 /* Build configuration list for PBXNativeTarget "h.h.i.p" */ = {
			isa = XCConfigurationList;
			buildConfigurations = (
				95EF72AC20B899CC0019B275 /* Debug */,
				95EF72AD20B899CC0019B275 /* Release */,
			);
			defaultConfigurationIsVisible = 0;
			defaultConfigurationName = Release;
		};
		95EF72AE20B899CC0019B275 /* Build configuration list for PBXNativeTarget "h.h.i.pTests" */ = {
			isa = XCConfigurationList;
			buildConfigurations = (
				95EF72AF20B899CC0019B275 /* Debug */,
				95EF72B020B899CC0019B275 /* Release */,
			);
			defaultConfigurationIsVisible = 0;
			defaultConfigurationName = Release;
		};
/* End XCConfigurationList section */

/* Begin XCVersionGroup section */
		95EF729520B899C90019B275 /* h_h_i_p.xcdatamodeld */ = {
			isa = XCVersionGroup;
			children = (
				95EF729620B899C90019B275 /* h_h_i_p.xcdatamodel */,
			);
			currentVersion = 95EF729620B899C90019B275 /* h_h_i_p.xcdatamodel */;
			path = h_h_i_p.xcdatamodeld;
			sourceTree = "<group>";
			versionGroupType = wrapper.xcdatamodel;
		};
/* End XCVersionGroup section */
	};
	rootObject = 95EF728320B899C90019B275 /* Project object */;
}
