// !$*UTF8*$!
{
	archiveVersion = 1;
	classes = {
	};
	objectVersion = 50;
	objects = {

/* Begin PBXBuildFile section */
		95EF728F20B899C90019B275 /* AppDelegate.swift in Sources */ = {isa = PBXBuildFile; fileRef = 95EF728E20B899C90019B275 /* AppDelegate.swift */; };
		95EF729120B899C90019B275 /* ViewController.swift in Sources */ = {isa = PBXBuildFile; fileRef = 95EF729020B899C90019B275 /* ViewController.swift */; };
		95EF729420B899C90019B275 /* Main.storyboard in Resources */ = {isa = PBXBuildFile; fileRef = 95EF729220B899C90019B275 /* Main.storyboard */; };
		95EF729720B899C90019B275 /* h_h_i_p.xcdatamodeld in Sources */ = {isa = PBXBuildFile; fileRef = 95EF729520B899C90019B275 /* h_h_i_p.xcdatamodeld */; };
		95EF729920B899CB0019B275 /* Assets.xcassets in Resources */ = {isa = PBXBuildFile; fileRef = 95EF729820B899CB0019B275 /* Assets.xcassets */; };
		95EF729C20B899CB0019B275 /* LaunchScreen.storyboard in Resources */ = {isa = PBXBuildFile; fileRef = 95EF729A20B899CB0019B275 /* LaunchScreen.storyboard */; };
		95EF72A720B899CB0019B275 /* h_h_i_pTests.swift in Sources */ = {isa = PBXBuildFile; fileRef = 95EF72A620B899CB0019B275 /* h_h_i_pTests.swift */; };
/* End PBXBuildFile section */

/* Begin PBXContainerItemProxy section */
		95EF72A320B899CB0019B275 /* PBXContainerItemProxy */ = {
			isa = PBXContainerItemProxy;
			containerPortal = 95EF728320B899C90019B275 /* Project object */;
			proxyType = 1;
			remoteGlobalIDString = 95EF728A20B899C90019B275;
			remoteInfo = h.h.i.p;
		};
/* End PBXContainerItemProxy section */

/* Begin PBXFileReference section */
		95EF728B20B899C90019B275 /* h.h.i.p.app */ = {isa = PBXFileReference; explicitFileType = wrapper.application; includeInIndex = 0; path = h.h.i.p.app; sourceTree = BUILT_PRODUCTS_DIR; };
		95EF728E20B899C90019B275 /* AppDelegate.swift */ = {isa = PBXFileReference; lastKnownFileType = sourcecode.swift; path = AppDelegate.swift; sourceTree = "<group>"; };
		95EF729020B899C90019B275 /* ViewController.swift */ = {isa = PBXFileReference; lastKnownFileType = sourcecode.swift; path = ViewController.swift; sourceTree = "<group>"; };
		95EF729320B899C90019B275 /* Base */ = {isa = PBXFileReference; lastKnownFileType = file.storyboard; name = Base; path = Base.lproj/Main.storyboard; sourceTree = "<group>"; };
		95EF729620B899C90019B275 /* h_h_i_p.xcdatamodel */ = {isa = PBXFileReference; lastKnownFileType = wrapper.xcdatamodel; path = h_h_i_p.xcdatamodel; sourceTree = "<group>"; };
		95EF729820B899CB0019B275 /* Assets.xcassets */ = {isa = PBXFileReference; lastKnownFileType = folder.assetcatalog; path = Assets.xcassets; sourceTree = "<group>"; };
		95EF729B20B899CB0019B275 /* Base */ = {isa = PBXFileReference; lastKnownFileType = file.storyboard; name = Base; path = Base.lproj/LaunchScreen.storyboard; sourceTree = "<group>"; };
		95EF729D20B899CB0019B275 /* Info.plist */ = {isa = PBXFileReference; lastKnownFileType = text.plist.xml; path = Info.plist; sourceTree = "<group>"; };
		95EF72A220B899CB0019B275 /* h.h.i.pTests.xctest */ = {isa = PBXFileReference; explicitFileType = wrapper.cfbundle; includeInIndex = 0; path = h.h.i.pTests.xctest; sourceTree = BUILT_PRODUCTS_DIR; };
		95EF72A620B899CB0019B275 /* h_h_i_pTests.swift */ = {isa = PBXFileReference; lastKnownFileType = sourcecode.swift; path = h_h_i_pTests.swift; sourceTree = "<group>"; };
		95EF72A820B899CC0019B275 /* Info.plist */ = {isa = PBXFileReference; lastKnownFileType = text.plist.xml; path = Info.plist; sourceTree = "<group>"; };
/* End PBXFileReference section */

/* Begin PBXFrameworksBuildPhase section */
		95EF728820B899C90019B275 /* Frameworks */ = {
			isa = PBXFrameworksBuildPhase;
			buildActionMask = 2147483647;
			files = (
			);
			runOnlyForDeploymentPostprocessing = 0;
		};
		95EF729F20B899CB0019B275 /* Frameworks */ = {
			isa = PBXFrameworksBuildPhase;
			buildActionMask = 2147483647;
			files = (
			);
			runOnlyForDeploymentPostprocessing = 0;
		};
/* End PBXFrameworksBuildPhase section */

/* Begin PBXGroup section */
		95EF728220B899C90019B275 = {
			isa = PBXGroup;
			children = (
				95EF728D20B899C90019B275 /* h.h.i.p */,
				95EF72A520B899CB0019B275 /* h.h.i.pTests */,
				95EF728C20B899C90019B275 /* Products */,
			);
			sourceTree = "<group>";
		};
		95EF728C20B899C90019B275 /* Products */ = {
			isa = PBXGroup;
			children = (
				95EF728B20B899C90019B275 /* h.h.i.p.app */,
				95EF72A220B899CB0019B275 /* h.h.i.pTests.xctest */,
			);
			name = Products;
			sourceTree = "<group>";
		};
		95EF728D20B899C90019B275 /* h.h.i.p */ = {
			isa = PBXGroup;
			children = (
				95EF728E20B899C90019B275 /* AppDelegate.swift */,
				95EF729020B899C90019B275 /* ViewController.swift */,
				95EF729220B899C90019B275 /* Main.storyboard */,
				95EF729820B899CB0019B275 /* Assets.xcassets */,
				95EF729A20B899CB0019B275 /* LaunchScreen.storyboard */,
				95EF729D20B899CB0019B275 /* Info.plist */,
				95EF729520B899C90019B275 /* h_h_i_p.xcdatamodeld */,
			);
			path = h.h.i.p;
			sourceTree = "<group>";
		};
		95EF72A520B899CB0019B275 /* h.h.i.pTests */ = {
			isa = PBXGroup;
			children = (
				95EF72A620B899CB0019B275 /* h_h_i_pTests.swift */,
				95EF72A820B899CC0019B275 /* Info.plist */,
			);
			path = h.h.i.pTests;
			sourceTree = "<group>";
		};
/* End PBXGroup section */

/* Begin PBXNativeTarget section */
		95EF728A20B899C90019B275 /* h.h.i.p */ = {
			isa = PBXNativeTarget;
			buildConfigurationList = 95EF72AB20B899CC0019B275 /* Build configuration list for PBXNativeTarget "h.h.i.p" */;
			buildPhases = (
				95EF728720B899C90019B275 /* Sources */,
				95EF728820B899C90019B275 /* Frameworks */,
				95EF728920B899C90019B275 /* Resources */,
			);
			buildRules = (
			);
			dependencies = (
			);
			name = h.h.i.p;
			productName = h.h.i.p;
			productReference = 95EF728B20B899C90019B275 /* h.h.i.p.app */;
			productType = "com.apple.product-type.application";
		};
		95EF72A120B899CB0019B275 /* h.h.i.pTests */ = {
			isa = PBXNativeTarget;
			buildConfigurationList = 95EF72AE20B899CC0019B275 /* Build configuration list for PBXNativeTarget "h.h.i.pTests" */;
			buildPhases = (
				95EF729E20B899CB0019B275 /* Sources */,
				95EF729F20B899CB0019B275 /* Frameworks */,
				95EF72A020B899CB0019B275 /* Resources */,
			);
			buildRules = (
			);
			dependencies = (
				95EF72A420B899CB0019B275 /* PBXTargetDependency */,
			);
			name = h.h.i.pTests;
			productName = h.h.i.pTests;
			productReference = 95EF72A220B899CB0019B275 /* h.h.i.pTests.xctest */;
			productType = "com.apple.product-type.bundle.unit-test";
		};
/* End PBXNativeTarget section */

/* Begin PBXProject section */
		95EF728320B899C90019B275 /* Project object */ = {
			isa = PBXProject;
			attributes = {
				LastSwiftUpdateCheck = 0930;
				LastUpgradeCheck = 0930;
				ORGANIZATIONNAME = "Alex Odintsov";
				TargetAttributes = {
					95EF728A20B899C90019B275 = {
						CreatedOnToolsVersion = 9.3;
					};
					95EF72A120B899CB0019B275 = {
						CreatedOnToolsVersion = 9.3;
						TestTargetID = 95EF728A20B899C90019B275;
					};
				};
			};
			buildConfigurationList = 95EF728620B899C90019B275 /* Build configuration list for PBXProject "h.h.i.p" */;
			compatibilityVersion = "Xcode 9.3";
			developmentRegion = en;
			hasScannedForEncodings = 0;
			knownRegions = (
				en,
				Base,
			);
			mainGroup = 95EF728220B899C90019B275;
			productRefGroup = 95EF728C20B899C90019B275 /* Products */;
			projectDirPath = "";
			projectRoot = "";
			targets = (
				95EF728A20B899C90019B275 /* h.h.i.p */,
				95EF72A120B899CB0019B275 /* h.h.i.pTests */,
			);
		};
/* End PBXProject section */

/* Begin PBXResourcesBuildPhase section */
		95EF728920B899C90019B275 /* Resources */ = {
			isa = PBXResourcesBuildPhase;
			buildActionMask = 2147483647;
			files = (
				95EF729C20B899CB0019B275 /* LaunchScreen.storyboard in Resources */,
				95EF729920B899CB0019B275 /* Assets.xcassets in Resources */,
				95EF729420B899C90019B275 /* Main.storyboard in Resources */,
			);
			runOnlyForDeploymentPostprocessing = 0;
		};
		95EF72A020B899CB0019B275 /* Resources */ = {
			isa = PBXResourcesBuildPhase;
			buildActionMask = 2147483647;
			files = (
			);
			runOnlyForDeploymentPostprocessing = 0;
		};
/* End PBXResourcesBuildPhase section */

/* Begin PBXSourcesBuildPhase section */
		95EF728720B899C90019B275 /* Sources */ = {
			isa = PBXSourcesBuildPhase;
			buildActionMask = 2147483647;
			files = (
				95EF729720B899C90019B275 /* h_h_i_p.xcdatamodeld in Sources */,
				95EF729120B899C90019B275 /* ViewController.swift in Sources */,
				95EF728F20B899C90019B275 /* AppDelegate.swift in Sources */,
			);
			runOnlyForDeploymentPostprocessing = 0;
		};
		95EF729E20B899CB0019B275 /* Sources */ = {
			isa = PBXSourcesBuildPhase;
			buildActionMask = 2147483647;
			files = (
				95EF72A720B899CB0019B275 /* h_h_i_pTests.swift in Sources */,
			);
			runOnlyForDeploymentPostprocessing = 0;
		};
/* End PBXSourcesBuildPhase section */

/* Begin PBXTargetDependency section */
		95EF72A420B899CB0019B275 /* PBXTargetDependency */ = {
			isa = PBXTargetDependency;
			target = 95EF728A20B899C90019B275 /* h.h.i.p */;
			targetProxy = 95EF72A320B899CB0019B275 /* PBXContainerItemProxy */;
		};
/* End PBXTargetDependency section */

/* Begin PBXVariantGroup section */
		95EF729220B899C90019B275 /* Main.storyboard */ = {
			isa = PBXVariantGroup;
			children = (
				95EF729320B899C90019B275 /* Base */,
			);
			name = Main.storyboard;
			sourceTree = "<group>";
		};
		95EF729A20B899CB0019B275 /* LaunchScreen.storyboard */ = {
			isa = PBXVariantGroup;
			children = (
				95EF729B20B899CB0019B275 /* Base */,
			);
			name = LaunchScreen.storyboard;
			sourceTree = "<group>";
		};
/* End PBXVariantGroup section */

/* Begin XCBuildConfiguration section */
		95EF72A920B899CC0019B275 /* Debug */ = {
			isa = XCBuildConfiguration;
			buildSettings = {
				ALWAYS_SEARCH_USER_PATHS = NO;
				CLANG_ANALYZER_NONNULL = YES;
				CLANG_ANALYZER_NUMBER_OBJECT_CONVERSION = YES_AGGRESSIVE;
				CLANG_CXX_LANGUAGE_STANDARD = "gnu++14";
				CLANG_CXX_LIBRARY = "libc++";
				CLANG_ENABLE_MODULES = YES;
				CLANG_ENABLE_OBJC_ARC = YES;
				CLANG_ENABLE_OBJC_WEAK = YES;
				CLANG_WARN_BLOCK_CAPTURE_AUTORELEASING = YES;
				CLANG_WARN_BOOL_CONVERSION = YES;
				CLANG_WARN_COMMA = YES;
				CLANG_WARN_CONSTANT_CONVERSION = YES;
				CLANG_WARN_DEPRECATED_OBJC_IMPLEMENTATIONS = YES;
				CLANG_WARN_DIRECT_OBJC_ISA_USAGE = YES_ERROR;
				CLANG_WARN_DOCUMENTATION_COMMENTS = YES;
				CLANG_WARN_EMPTY_BODY = YES;
				CLANG_WARN_ENUM_CONVERSION = YES;
				CLANG_WARN_INFINITE_RECURSION = YES;
				CLANG_WARN_INT_CONVERSION = YES;
				CLANG_WARN_NON_LITERAL_NULL_CONVERSION = YES;
				CLANG_WARN_OBJC_IMPLICIT_RETAIN_SELF = YES;
				CLANG_WARN_OBJC_LITERAL_CONVERSION = YES;
				CLANG_WARN_OBJC_ROOT_CLASS = YES_ERROR;
				CLANG_WARN_RANGE_LOOP_ANALYSIS = YES;
				CLANG_WARN_STRICT_PROTOTYPES = YES;
				CLANG_WARN_SUSPICIOUS_MOVE = YES;
				CLANG_WARN_UNGUARDED_AVAILABILITY = YES_AGGRESSIVE;
				CLANG_WARN_UNREACHABLE_CODE = YES;
				CLANG_WARN__DUPLICATE_METHOD_MATCH = YES;
				CODE_SIGN_IDENTITY = "iPhone Developer";
				COPY_PHASE_STRIP = NO;
				DEBUG_INFORMATION_FORMAT = dwarf;
				ENABLE_STRICT_OBJC_MSGSEND = YES;
				ENABLE_TESTABILITY = YES;
				GCC_C_LANGUAGE_STANDARD = gnu11;
				GCC_DYNAMIC_NO_PIC = NO;
				GCC_NO_COMMON_BLOCKS = YES;
				GCC_OPTIMIZATION_LEVEL = 0;
				GCC_PREPROCESSOR_DEFINITIONS = (
					"DEBUG=1",
					"$(inherited)",
				);
				GCC_WARN_64_TO_32_BIT_CONVERSION = YES;
				GCC_WARN_ABOUT_RETURN_TYPE = YES_ERROR;
				GCC_WARN_UNDECLARED_SELECTOR = YES;
				GCC_WARN_UNINITIALIZED_AUTOS = YES_AGGRESSIVE;
				GCC_WARN_UNUSED_FUNCTION = YES;
				GCC_WARN_UNUSED_VARIABLE = YES;
				IPHONEOS_DEPLOYMENT_TARGET = 11.3;
				MTL_ENABLE_DEBUG_INFO = YES;
				ONLY_ACTIVE_ARCH = YES;
				SDKROOT = iphoneos;
				SWIFT_ACTIVE_COMPILATION_CONDITIONS = DEBUG;
				SWIFT_OPTIMIZATION_LEVEL = "-Onone";
			};
			name = Debug;
		};
		95EF72AA20B899CC0019B275 /* Release */ = {
			isa = XCBuildConfiguration;
			buildSettings = {
				ALWAYS_SEARCH_USER_PATHS = NO;
				CLANG_ANALYZER_NONNULL = YES;
				CLANG_ANALYZER_NUMBER_OBJECT_CONVERSION = YES_AGGRESSIVE;
				CLANG_CXX_LANGUAGE_STANDARD = "gnu++14";
				CLANG_CXX_LIBRARY = "libc++";
				CLANG_ENABLE_MODULES = YES;
				CLANG_ENABLE_OBJC_ARC = YES;
				CLANG_ENABLE_OBJC_WEAK = YES;
				CLANG_WARN_BLOCK_CAPTURE_AUTORELEASING = YES;
				CLANG_WARN_BOOL_CONVERSION = YES;
				CLANG_WARN_COMMA = YES;
				CLANG_WARN_CONSTANT_CONVERSION = YES;
				CLANG_WARN_DEPRECATED_OBJC_IMPLEMENTATIONS = YES;
				CLANG_WARN_DIRECT_OBJC_ISA_USAGE = YES_ERROR;
				CLANG_WARN_DOCUMENTATION_COMMENTS = YES;
				CLANG_WARN_EMPTY_BODY = YES;
				CLANG_WARN_ENUM_CONVERSION = YES;
				CLANG_WARN_INFINITE_RECURSION = YES;
				CLANG_WARN_INT_CONVERSION = YES;
				CLANG_WARN_NON_LITERAL_NULL_CONVERSION = YES;
				CLANG_WARN_OBJC_IMPLICIT_RETAIN_SELF = YES;
				CLANG_WARN_OBJC_LITERAL_CONVERSION = YES;
				CLANG_WARN_OBJC_ROOT_CLASS = YES_ERROR;
				CLANG_WARN_RANGE_LOOP_ANALYSIS = YES;
				CLANG_WARN_STRICT_PROTOTYPES = YES;
				CLANG_WARN_SUSPICIOUS_MOVE = YES;
				CLANG_WARN_UNGUARDED_AVAILABILITY = YES_AGGRESSIVE;
				CLANG_WARN_UNREACHABLE_CODE = YES;
				CLANG_WARN__DUPLICATE_METHOD_MATCH = YES;
				CODE_SIGN_IDENTITY = "iPhone Developer";
				COPY_PHASE_STRIP = NO;
				DEBUG_INFORMATION_FORMAT = "dwarf-with-dsym";
				ENABLE_NS_ASSERTIONS = NO;
				ENABLE_STRICT_OBJC_MSGSEND = YES;
				GCC_C_LANGUAGE_STANDARD = gnu11;
				GCC_NO_COMMON_BLOCKS = YES;
				GCC_WARN_64_TO_32_BIT_CONVERSION = YES;
				GCC_WARN_ABOUT_RETURN_TYPE = YES_ERROR;
				GCC_WARN_UNDECLARED_SELECTOR = YES;
				GCC_WARN_UNINITIALIZED_AUTOS = YES_AGGRESSIVE;
				GCC_WARN_UNUSED_FUNCTION = YES;
				GCC_WARN_UNUSED_VARIABLE = YES;
				IPHONEOS_DEPLOYMENT_TARGET = 11.3;
				MTL_ENABLE_DEBUG_INFO = NO;
				SDKROOT = iphoneos;
				SWIFT_COMPILATION_MODE = wholemodule;
				SWIFT_OPTIMIZATION_LEVEL = "-O";
				VALIDATE_PRODUCT = YES;
			};
			name = Release;
		};
		95EF72AC20B899CC0019B275 /* Debug */ = {
			isa = XCBuildConfiguration;
			buildSettings = {
				ASSETCATALOG_COMPILER_APPICON_NAME = AppIcon;
				CODE_SIGN_STYLE = Automatic;
				DEVELOPMENT_TEAM = M48S3Y65RF;
				INFOPLIST_FILE = h.h.i.p/Info.plist;
				LD_RUNPATH_SEARCH_PATHS = (
					"$(inherited)",
					"@executable_path/Frameworks",
				);
				PRODUCT_BUNDLE_IDENTIFIER = "com.mywork.h-h-i-p";
				PRODUCT_NAME = "$(TARGET_NAME)";
				SWIFT_VERSION = 4.0;
				TARGETED_DEVICE_FAMILY = "1,2";
			};
			name = Debug;
		};
		95EF72AD20B899CC0019B275 /* Release */ = {
			isa = XCBuildConfiguration;
			buildSettings = {
				ASSETCATALOG_COMPILER_APPICON_NAME = AppIcon;
				CODE_SIGN_STYLE = Automatic;
				DEVELOPMENT_TEAM = M48S3Y65RF;
				INFOPLIST_FILE = h.h.i.p/Info.plist;
				LD_RUNPATH_SEARCH_PATHS = (
					"$(inherited)",
					"@executable_path/Frameworks",
				);
				PRODUCT_BUNDLE_IDENTIFIER = "com.mywork.h-h-i-p";
				PRODUCT_NAME = "$(TARGET_NAME)";
				SWIFT_VERSION = 4.0;
				TARGETED_DEVICE_FAMILY = "1,2";
			};
			name = Release;
		};
		95EF72AF20B899CC0019B275 /* Debug */ = {
			isa = XCBuildConfiguration;
			buildSettings = {
				ALWAYS_EMBED_SWIFT_STANDARD_LIBRARIES = YES;
				BUNDLE_LOADER = "$(TEST_HOST)";
				CODE_SIGN_STYLE = Automatic;
				DEVELOPMENT_TEAM = M48S3Y65RF;
				INFOPLIST_FILE = h.h.i.pTests/Info.plist;
				LD_RUNPATH_SEARCH_PATHS = (
					"$(inherited)",
					"@executable_path/Frameworks",
					"@loader_path/Frameworks",
				);
				PRODUCT_BUNDLE_IDENTIFIER = "com.mywork.h-h-i-pTests";
				PRODUCT_NAME = "$(TARGET_NAME)";
				SWIFT_VERSION = 4.0;
				TARGETED_DEVICE_FAMILY = "1,2";
				TEST_HOST = "$(BUILT_PRODUCTS_DIR)/h.h.i.p.app/h.h.i.p";
			};
			name = Debug;
		};
		95EF72B020B899CC0019B275 /* Release */ = {
			isa = XCBuildConfiguration;
			buildSettings = {
				ALWAYS_EMBED_SWIFT_STANDARD_LIBRARIES = YES;
				BUNDLE_LOADER = "$(TEST_HOST)";
				CODE_SIGN_STYLE = Automatic;
				DEVELOPMENT_TEAM = M48S3Y65RF;
				INFOPLIST_FILE = h.h.i.pTests/Info.plist;
				LD_RUNPATH_SEARCH_PATHS = (
					"$(inherited)",
					"@executable_path/Frameworks",
					"@loader_path/Frameworks",
				);
				PRODUCT_BUNDLE_IDENTIFIER = "com.mywork.h-h-i-pTests";
				PRODUCT_NAME = "$(TARGET_NAME)";
				SWIFT_VERSION = 4.0;
				TARGETED_DEVICE_FAMILY = "1,2";
				TEST_HOST = "$(BUILT_PRODUCTS_DIR)/h.h.i.p.app/h.h.i.p";
			};
			name = Release;
		};
/* End XCBuildConfiguration section */

/* Begin XCConfigurationList section */
		95EF728620B899C90019B275 /* Build configuration list for PBXProject "h.h.i.p" */ = {
			isa = XCConfigurationList;
			buildConfigurations = (
				95EF72A920B899CC0019B275 /* Debug */,
				95EF72AA20B899CC0019B275 /* Release */,
			);
			defaultConfigurationIsVisible = 0;
			defaultConfigurationName = Release;
		};
		95EF72AB20B899CC0019B275 /* Build configuration list for PBXNativeTarget "h.h.i.p" */ = {
			isa = XCConfigurationList;
			buildConfigurations = (
				95EF72AC20B899CC0019B275 /* Debug */,
				95EF72AD20B899CC0019B275 /* Release */,
			);
			defaultConfigurationIsVisible = 0;
			defaultConfigurationName = Release;
		};
		95EF72AE20B899CC0019B275 /* Build configuration list for PBXNativeTarget "h.h.i.pTests" */ = {
			isa = XCConfigurationList;
			buildConfigurations = (
				95EF72AF20B899CC0019B275 /* Debug */,
				95EF72B020B899CC0019B275 /* Release */,
			);
			defaultConfigurationIsVisible = 0;
			defaultConfigurationName = Release;
		};
/* End XCConfigurationList section */

/* Begin XCVersionGroup section */
		95EF729520B899C90019B275 /* h_h_i_p.xcdatamodeld */ = {
			isa = XCVersionGroup;
			children = (
				95EF729620B899C90019B275 /* h_h_i_p.xcdatamodel */,
			);
			currentVersion = 95EF729620B899C90019B275 /* h_h_i_p.xcdatamodel */;
			path = h_h_i_p.xcdatamodeld;
			sourceTree = "<group>";
			versionGroupType = wrapper.xcdatamodel;
		};
/* End XCVersionGroup section */
	};
	rootObject = 95EF728320B899C90019B275 /* Project object */;
}
